// !$*UTF8*$!
{
	archiveVersion = 1;
	classes = {
	};
	objectVersion = 46;
	objects = {

/* Begin PBXBuildFile section */
		5FFCB9301B023F4C00495824 /* AppDelegate.swift in Sources */ = {isa = PBXBuildFile; fileRef = 5FFCB92F1B023F4C00495824 /* AppDelegate.swift */; };
		5FFCB9321B023F4C00495824 /* ViewController.swift in Sources */ = {isa = PBXBuildFile; fileRef = 5FFCB9311B023F4C00495824 /* ViewController.swift */; };
		5FFCB9351B023F4C00495824 /* Main.storyboard in Resources */ = {isa = PBXBuildFile; fileRef = 5FFCB9331B023F4C00495824 /* Main.storyboard */; };
		5FFCB9371B023F4C00495824 /* Images.xcassets in Resources */ = {isa = PBXBuildFile; fileRef = 5FFCB9361B023F4C00495824 /* Images.xcassets */; };
		5FFCB93A1B023F4C00495824 /* LaunchScreen.xib in Resources */ = {isa = PBXBuildFile; fileRef = 5FFCB9381B023F4C00495824 /* LaunchScreen.xib */; };
		5FFCB9461B023F4C00495824 /* CocoaActionBugTests.swift in Sources */ = {isa = PBXBuildFile; fileRef = 5FFCB9451B023F4C00495824 /* CocoaActionBugTests.swift */; };
		5FFCB9501B023F7B00495824 /* Cartfile in Resources */ = {isa = PBXBuildFile; fileRef = 5FFCB94F1B023F7B00495824 /* Cartfile */; };
		5FFCB9581B02426700495824 /* Box.framework in Frameworks */ = {isa = PBXBuildFile; fileRef = 5FFCB9551B02426700495824 /* Box.framework */; };
		5FFCB9591B02426700495824 /* ReactiveCocoa.framework in Frameworks */ = {isa = PBXBuildFile; fileRef = 5FFCB9561B02426700495824 /* ReactiveCocoa.framework */; };
		5FFCB95A1B02426700495824 /* Result.framework in Frameworks */ = {isa = PBXBuildFile; fileRef = 5FFCB9571B02426700495824 /* Result.framework */; };
/* End PBXBuildFile section */

/* Begin PBXContainerItemProxy section */
		5FFCB9401B023F4C00495824 /* PBXContainerItemProxy */ = {
			isa = PBXContainerItemProxy;
			containerPortal = 5FFCB9221B023F4C00495824 /* Project object */;
			proxyType = 1;
			remoteGlobalIDString = 5FFCB9291B023F4C00495824;
			remoteInfo = CocoaActionBug;
		};
/* End PBXContainerItemProxy section */

/* Begin PBXFileReference section */
		5FFCB92A1B023F4C00495824 /* CocoaActionBug.app */ = {isa = PBXFileReference; explicitFileType = wrapper.application; includeInIndex = 0; path = CocoaActionBug.app; sourceTree = BUILT_PRODUCTS_DIR; };
		5FFCB92E1B023F4C00495824 /* Info.plist */ = {isa = PBXFileReference; lastKnownFileType = text.plist.xml; path = Info.plist; sourceTree = "<group>"; };
		5FFCB92F1B023F4C00495824 /* AppDelegate.swift */ = {isa = PBXFileReference; lastKnownFileType = sourcecode.swift; path = AppDelegate.swift; sourceTree = "<group>"; };
		5FFCB9311B023F4C00495824 /* ViewController.swift */ = {isa = PBXFileReference; lastKnownFileType = sourcecode.swift; path = ViewController.swift; sourceTree = "<group>"; };
		5FFCB9341B023F4C00495824 /* Base */ = {isa = PBXFileReference; lastKnownFileType = file.storyboard; name = Base; path = Base.lproj/Main.storyboard; sourceTree = "<group>"; };
		5FFCB9361B023F4C00495824 /* Images.xcassets */ = {isa = PBXFileReference; lastKnownFileType = folder.assetcatalog; path = Images.xcassets; sourceTree = "<group>"; };
		5FFCB9391B023F4C00495824 /* Base */ = {isa = PBXFileReference; lastKnownFileType = file.xib; name = Base; path = Base.lproj/LaunchScreen.xib; sourceTree = "<group>"; };
		5FFCB93F1B023F4C00495824 /* CocoaActionBugTests.xctest */ = {isa = PBXFileReference; explicitFileType = wrapper.cfbundle; includeInIndex = 0; path = CocoaActionBugTests.xctest; sourceTree = BUILT_PRODUCTS_DIR; };
		5FFCB9441B023F4C00495824 /* Info.plist */ = {isa = PBXFileReference; lastKnownFileType = text.plist.xml; path = Info.plist; sourceTree = "<group>"; };
		5FFCB9451B023F4C00495824 /* CocoaActionBugTests.swift */ = {isa = PBXFileReference; lastKnownFileType = sourcecode.swift; path = CocoaActionBugTests.swift; sourceTree = "<group>"; };
		5FFCB94F1B023F7B00495824 /* Cartfile */ = {isa = PBXFileReference; fileEncoding = 4; lastKnownFileType = text; path = Cartfile; sourceTree = "<group>"; };
		5FFCB9551B02426700495824 /* Box.framework */ = {isa = PBXFileReference; lastKnownFileType = wrapper.framework; name = Box.framework; path = Carthage/Build/iOS/Box.framework; sourceTree = "<group>"; };
		5FFCB9561B02426700495824 /* ReactiveCocoa.framework */ = {isa = PBXFileReference; lastKnownFileType = wrapper.framework; name = ReactiveCocoa.framework; path = Carthage/Build/iOS/ReactiveCocoa.framework; sourceTree = "<group>"; };
		5FFCB9571B02426700495824 /* Result.framework */ = {isa = PBXFileReference; lastKnownFileType = wrapper.framework; name = Result.framework; path = Carthage/Build/iOS/Result.framework; sourceTree = "<group>"; };
/* End PBXFileReference section */

/* Begin PBXFrameworksBuildPhase section */
		5FFCB9271B023F4C00495824 /* Frameworks */ = {
			isa = PBXFrameworksBuildPhase;
			buildActionMask = 2147483647;
			files = (
				5FFCB95A1B02426700495824 /* Result.framework in Frameworks */,
				5FFCB9581B02426700495824 /* Box.framework in Frameworks */,
				5FFCB9591B02426700495824 /* ReactiveCocoa.framework in Frameworks */,
			);
			runOnlyForDeploymentPostprocessing = 0;
		};
		5FFCB93C1B023F4C00495824 /* Frameworks */ = {
			isa = PBXFrameworksBuildPhase;
			buildActionMask = 2147483647;
			files = (
			);
			runOnlyForDeploymentPostprocessing = 0;
		};
/* End PBXFrameworksBuildPhase section */

/* Begin PBXGroup section */
		5FFCB9211B023F4C00495824 = {
			isa = PBXGroup;
			children = (
				5FFCB9551B02426700495824 /* Box.framework */,
				5FFCB9561B02426700495824 /* ReactiveCocoa.framework */,
				5FFCB9571B02426700495824 /* Result.framework */,
				5FFCB92C1B023F4C00495824 /* CocoaActionBug */,
				5FFCB9421B023F4C00495824 /* CocoaActionBugTests */,
				5FFCB92B1B023F4C00495824 /* Products */,
				5FFCB94F1B023F7B00495824 /* Cartfile */,
			);
			sourceTree = "<group>";
		};
		5FFCB92B1B023F4C00495824 /* Products */ = {
			isa = PBXGroup;
			children = (
				5FFCB92A1B023F4C00495824 /* CocoaActionBug.app */,
				5FFCB93F1B023F4C00495824 /* CocoaActionBugTests.xctest */,
			);
			name = Products;
			sourceTree = "<group>";
		};
		5FFCB92C1B023F4C00495824 /* CocoaActionBug */ = {
			isa = PBXGroup;
			children = (
				5FFCB92F1B023F4C00495824 /* AppDelegate.swift */,
				5FFCB9311B023F4C00495824 /* ViewController.swift */,
				5FFCB9331B023F4C00495824 /* Main.storyboard */,
				5FFCB9361B023F4C00495824 /* Images.xcassets */,
				5FFCB9381B023F4C00495824 /* LaunchScreen.xib */,
				5FFCB92D1B023F4C00495824 /* Supporting Files */,
			);
			path = CocoaActionBug;
			sourceTree = "<group>";
		};
		5FFCB92D1B023F4C00495824 /* Supporting Files */ = {
			isa = PBXGroup;
			children = (
				5FFCB92E1B023F4C00495824 /* Info.plist */,
			);
			name = "Supporting Files";
			sourceTree = "<group>";
		};
		5FFCB9421B023F4C00495824 /* CocoaActionBugTests */ = {
			isa = PBXGroup;
			children = (
				5FFCB9451B023F4C00495824 /* CocoaActionBugTests.swift */,
				5FFCB9431B023F4C00495824 /* Supporting Files */,
			);
			path = CocoaActionBugTests;
			sourceTree = "<group>";
		};
		5FFCB9431B023F4C00495824 /* Supporting Files */ = {
			isa = PBXGroup;
			children = (
				5FFCB9441B023F4C00495824 /* Info.plist */,
			);
			name = "Supporting Files";
			sourceTree = "<group>";
		};
/* End PBXGroup section */

/* Begin PBXNativeTarget section */
		5FFCB9291B023F4C00495824 /* CocoaActionBug */ = {
			isa = PBXNativeTarget;
			buildConfigurationList = 5FFCB9491B023F4C00495824 /* Build configuration list for PBXNativeTarget "CocoaActionBug" */;
			buildPhases = (
				5FFCB9261B023F4C00495824 /* Sources */,
				5FFCB9271B023F4C00495824 /* Frameworks */,
				5FFCB9281B023F4C00495824 /* Resources */,
				5FFCB9541B02413400495824 /* Copy Frameworks for Carthage */,
			);
			buildRules = (
			);
			dependencies = (
			);
			name = CocoaActionBug;
			productName = CocoaActionBug;
			productReference = 5FFCB92A1B023F4C00495824 /* CocoaActionBug.app */;
			productType = "com.apple.product-type.application";
		};
		5FFCB93E1B023F4C00495824 /* CocoaActionBugTests */ = {
			isa = PBXNativeTarget;
			buildConfigurationList = 5FFCB94C1B023F4C00495824 /* Build configuration list for PBXNativeTarget "CocoaActionBugTests" */;
			buildPhases = (
				5FFCB93B1B023F4C00495824 /* Sources */,
				5FFCB93C1B023F4C00495824 /* Frameworks */,
				5FFCB93D1B023F4C00495824 /* Resources */,
			);
			buildRules = (
			);
			dependencies = (
				5FFCB9411B023F4C00495824 /* PBXTargetDependency */,
			);
			name = CocoaActionBugTests;
			productName = CocoaActionBugTests;
			productReference = 5FFCB93F1B023F4C00495824 /* CocoaActionBugTests.xctest */;
			productType = "com.apple.product-type.bundle.unit-test";
		};
/* End PBXNativeTarget section */

/* Begin PBXProject section */
		5FFCB9221B023F4C00495824 /* Project object */ = {
			isa = PBXProject;
			attributes = {
				LastUpgradeCheck = 0640;
				ORGANIZATIONNAME = Unclutter;
				TargetAttributes = {
					5FFCB9291B023F4C00495824 = {
						CreatedOnToolsVersion = 6.4;
					};
					5FFCB93E1B023F4C00495824 = {
						CreatedOnToolsVersion = 6.4;
						TestTargetID = 5FFCB9291B023F4C00495824;
					};
				};
			};
			buildConfigurationList = 5FFCB9251B023F4C00495824 /* Build configuration list for PBXProject "CocoaActionBug" */;
			compatibilityVersion = "Xcode 3.2";
			developmentRegion = English;
			hasScannedForEncodings = 0;
			knownRegions = (
				en,
				Base,
			);
			mainGroup = 5FFCB9211B023F4C00495824;
			productRefGroup = 5FFCB92B1B023F4C00495824 /* Products */;
			projectDirPath = "";
			projectRoot = "";
			targets = (
				5FFCB9291B023F4C00495824 /* CocoaActionBug */,
				5FFCB93E1B023F4C00495824 /* CocoaActionBugTests */,
			);
		};
/* End PBXProject section */

/* Begin PBXResourcesBuildPhase section */
		5FFCB9281B023F4C00495824 /* Resources */ = {
			isa = PBXResourcesBuildPhase;
			buildActionMask = 2147483647;
			files = (
				5FFCB9351B023F4C00495824 /* Main.storyboard in Resources */,
				5FFCB93A1B023F4C00495824 /* LaunchScreen.xib in Resources */,
				5FFCB9501B023F7B00495824 /* Cartfile in Resources */,
				5FFCB9371B023F4C00495824 /* Images.xcassets in Resources */,
			);
			runOnlyForDeploymentPostprocessing = 0;
		};
		5FFCB93D1B023F4C00495824 /* Resources */ = {
			isa = PBXResourcesBuildPhase;
			buildActionMask = 2147483647;
			files = (
			);
			runOnlyForDeploymentPostprocessing = 0;
		};
/* End PBXResourcesBuildPhase section */

/* Begin PBXShellScriptBuildPhase section */
		5FFCB9541B02413400495824 /* Copy Frameworks for Carthage */ = {
			isa = PBXShellScriptBuildPhase;
			buildActionMask = 2147483647;
			files = (
			);
			inputPaths = (
				"$(SRCROOT)/Carthage/Build/iOS/ReactiveCocoa.framework",
				"$(SRCROOT)/Carthage/Build/iOS/Box.framework",
				"$(SRCROOT)/Carthage/Build/iOS/Result.framework",
			);
			name = "Copy Frameworks for Carthage";
			outputPaths = (
			);
			runOnlyForDeploymentPostprocessing = 0;
			shellPath = /bin/sh;
			shellScript = "/usr/local/bin/carthage copy-frameworks\n";
		};
/* End PBXShellScriptBuildPhase section */

/* Begin PBXSourcesBuildPhase section */
		5FFCB9261B023F4C00495824 /* Sources */ = {
			isa = PBXSourcesBuildPhase;
			buildActionMask = 2147483647;
			files = (
				5FFCB9321B023F4C00495824 /* ViewController.swift in Sources */,
				5FFCB9301B023F4C00495824 /* AppDelegate.swift in Sources */,
			);
			runOnlyForDeploymentPostprocessing = 0;
		};
		5FFCB93B1B023F4C00495824 /* Sources */ = {
			isa = PBXSourcesBuildPhase;
			buildActionMask = 2147483647;
			files = (
				5FFCB9461B023F4C00495824 /* CocoaActionBugTests.swift in Sources */,
			);
			runOnlyForDeploymentPostprocessing = 0;
		};
/* End PBXSourcesBuildPhase section */

/* Begin PBXTargetDependency section */
		5FFCB9411B023F4C00495824 /* PBXTargetDependency */ = {
			isa = PBXTargetDependency;
			target = 5FFCB9291B023F4C00495824 /* CocoaActionBug */;
			targetProxy = 5FFCB9401B023F4C00495824 /* PBXContainerItemProxy */;
		};
/* End PBXTargetDependency section */

/* Begin PBXVariantGroup section */
		5FFCB9331B023F4C00495824 /* Main.storyboard */ = {
			isa = PBXVariantGroup;
			children = (
				5FFCB9341B023F4C00495824 /* Base */,
			);
			name = Main.storyboard;
			sourceTree = "<group>";
		};
		5FFCB9381B023F4C00495824 /* LaunchScreen.xib */ = {
			isa = PBXVariantGroup;
			children = (
				5FFCB9391B023F4C00495824 /* Base */,
			);
			name = LaunchScreen.xib;
			sourceTree = "<group>";
		};
/* End PBXVariantGroup section */

/* Begin XCBuildConfiguration section */
		5FFCB9471B023F4C00495824 /* Debug */ = {
			isa = XCBuildConfiguration;
			buildSettings = {
				ALWAYS_SEARCH_USER_PATHS = NO;
				CLANG_CXX_LANGUAGE_STANDARD = "gnu++0x";
				CLANG_CXX_LIBRARY = "libc++";
				CLANG_ENABLE_MODULES = YES;
				CLANG_ENABLE_OBJC_ARC = YES;
				CLANG_WARN_BOOL_CONVERSION = YES;
				CLANG_WARN_CONSTANT_CONVERSION = YES;
				CLANG_WARN_DIRECT_OBJC_ISA_USAGE = YES_ERROR;
				CLANG_WARN_EMPTY_BODY = YES;
				CLANG_WARN_ENUM_CONVERSION = YES;
				CLANG_WARN_INT_CONVERSION = YES;
				CLANG_WARN_OBJC_ROOT_CLASS = YES_ERROR;
				CLANG_WARN_UNREACHABLE_CODE = YES;
				CLANG_WARN__DUPLICATE_METHOD_MATCH = YES;
				"CODE_SIGN_IDENTITY[sdk=iphoneos*]" = "iPhone Developer";
				COPY_PHASE_STRIP = NO;
				DEBUG_INFORMATION_FORMAT = "dwarf-with-dsym";
				ENABLE_STRICT_OBJC_MSGSEND = YES;
				GCC_C_LANGUAGE_STANDARD = gnu99;
				GCC_DYNAMIC_NO_PIC = NO;
				GCC_NO_COMMON_BLOCKS = YES;
				GCC_OPTIMIZATION_LEVEL = 0;
				GCC_PREPROCESSOR_DEFINITIONS = (
					"DEBUG=1",
					"$(inherited)",
				);
				GCC_SYMBOLS_PRIVATE_EXTERN = NO;
				GCC_WARN_64_TO_32_BIT_CONVERSION = YES;
				GCC_WARN_ABOUT_RETURN_TYPE = YES_ERROR;
				GCC_WARN_UNDECLARED_SELECTOR = YES;
				GCC_WARN_UNINITIALIZED_AUTOS = YES_AGGRESSIVE;
				GCC_WARN_UNUSED_FUNCTION = YES;
				GCC_WARN_UNUSED_VARIABLE = YES;
				IPHONEOS_DEPLOYMENT_TARGET = 8.2;
				MTL_ENABLE_DEBUG_INFO = YES;
				ONLY_ACTIVE_ARCH = YES;
				SDKROOT = iphoneos;
				SWIFT_OPTIMIZATION_LEVEL = "-Onone";
				TARGETED_DEVICE_FAMILY = "1,2";
			};
			name = Debug;
		};
		5FFCB9481B023F4C00495824 /* Release */ = {
			isa = XCBuildConfiguration;
			buildSettings = {
				ALWAYS_SEARCH_USER_PATHS = NO;
				CLANG_CXX_LANGUAGE_STANDARD = "gnu++0x";
				CLANG_CXX_LIBRARY = "libc++";
				CLANG_ENABLE_MODULES = YES;
				CLANG_ENABLE_OBJC_ARC = YES;
				CLANG_WARN_BOOL_CONVERSION = YES;
				CLANG_WARN_CONSTANT_CONVERSION = YES;
				CLANG_WARN_DIRECT_OBJC_ISA_USAGE = YES_ERROR;
				CLANG_WARN_EMPTY_BODY = YES;
				CLANG_WARN_ENUM_CONVERSION = YES;
				CLANG_WARN_INT_CONVERSION = YES;
				CLANG_WARN_OBJC_ROOT_CLASS = YES_ERROR;
				CLANG_WARN_UNREACHABLE_CODE = YES;
				CLANG_WARN__DUPLICATE_METHOD_MATCH = YES;
				"CODE_SIGN_IDENTITY[sdk=iphoneos*]" = "iPhone Developer";
				COPY_PHASE_STRIP = NO;
				DEBUG_INFORMATION_FORMAT = "dwarf-with-dsym";
				ENABLE_NS_ASSERTIONS = NO;
				ENABLE_STRICT_OBJC_MSGSEND = YES;
				GCC_C_LANGUAGE_STANDARD = gnu99;
				GCC_NO_COMMON_BLOCKS = YES;
				GCC_WARN_64_TO_32_BIT_CONVERSION = YES;
				GCC_WARN_ABOUT_RETURN_TYPE = YES_ERROR;
				GCC_WARN_UNDECLARED_SELECTOR = YES;
				GCC_WARN_UNINITIALIZED_AUTOS = YES_AGGRESSIVE;
				GCC_WARN_UNUSED_FUNCTION = YES;
				GCC_WARN_UNUSED_VARIABLE = YES;
				IPHONEOS_DEPLOYMENT_TARGET = 8.2;
				MTL_ENABLE_DEBUG_INFO = NO;
				SDKROOT = iphoneos;
				TARGETED_DEVICE_FAMILY = "1,2";
				VALIDATE_PRODUCT = YES;
			};
			name = Release;
		};
		5FFCB94A1B023F4C00495824 /* Debug */ = {
			isa = XCBuildConfiguration;
			buildSettings = {
				ASSETCATALOG_COMPILER_APPICON_NAME = AppIcon;
				FRAMEWORK_SEARCH_PATHS = (
					"$(inherited)",
					"$(PROJECT_DIR)/Carthage/Build/iOS",
				);
				INFOPLIST_FILE = CocoaActionBug/Info.plist;
				LD_RUNPATH_SEARCH_PATHS = "$(inherited) @executable_path/Frameworks";
				PRODUCT_NAME = "$(TARGET_NAME)";
			};
			name = Debug;
		};
		5FFCB94B1B023F4C00495824 /* Release */ = {
			isa = XCBuildConfiguration;
			buildSettings = {
				ASSETCATALOG_COMPILER_APPICON_NAME = AppIcon;
				FRAMEWORK_SEARCH_PATHS = (
					"$(inherited)",
					"$(PROJECT_DIR)/Carthage/Build/iOS",
				);
				INFOPLIST_FILE = CocoaActionBug/Info.plist;
				LD_RUNPATH_SEARCH_PATHS = "$(inherited) @executable_path/Frameworks";
				PRODUCT_NAME = "$(TARGET_NAME)";
			};
			name = Release;
		};
		5FFCB94D1B023F4C00495824 /* Debug */ = {
			isa = XCBuildConfiguration;
			buildSettings = {
				BUNDLE_LOADER = "$(TEST_HOST)";
				FRAMEWORK_SEARCH_PATHS = (
					"$(SDKROOT)/Developer/Library/Frameworks",
					"$(inherited)",
				);
				GCC_PREPROCESSOR_DEFINITIONS = (
					"DEBUG=1",
					"$(inherited)",
				);
				INFOPLIST_FILE = CocoaActionBugTests/Info.plist;
				LD_RUNPATH_SEARCH_PATHS = "$(inherited) @executable_path/Frameworks @loader_path/Frameworks";
				PRODUCT_NAME = "$(TARGET_NAME)";
				TEST_HOST = "$(BUILT_PRODUCTS_DIR)/CocoaActionBug.app/CocoaActionBug";
			};
			name = Debug;
		};
		5FFCB94E1B023F4C00495824 /* Release */ = {
			isa = XCBuildConfiguration;
			buildSettings = {
				BUNDLE_LOADER = "$(TEST_HOST)";
				FRAMEWORK_SEARCH_PATHS = (
					"$(SDKROOT)/Developer/Library/Frameworks",
					"$(inherited)",
				);
				INFOPLIST_FILE = CocoaActionBugTests/Info.plist;
				LD_RUNPATH_SEARCH_PATHS = "$(inherited) @executable_path/Frameworks @loader_path/Frameworks";
				PRODUCT_NAME = "$(TARGET_NAME)";
				TEST_HOST = "$(BUILT_PRODUCTS_DIR)/CocoaActionBug.app/CocoaActionBug";
			};
			name = Release;
		};
/* End XCBuildConfiguration section */

/* Begin XCConfigurationList section */
		5FFCB9251B023F4C00495824 /* Build configuration list for PBXProject "CocoaActionBug" */ = {
			isa = XCConfigurationList;
			buildConfigurations = (
				5FFCB9471B023F4C00495824 /* Debug */,
				5FFCB9481B023F4C00495824 /* Release */,
			);
			defaultConfigurationIsVisible = 0;
			defaultConfigurationName = Release;
		};
		5FFCB9491B023F4C00495824 /* Build configuration list for PBXNativeTarget "CocoaActionBug" */ = {
			isa = XCConfigurationList;
			buildConfigurations = (
				5FFCB94A1B023F4C00495824 /* Debug */,
				5FFCB94B1B023F4C00495824 /* Release */,
			);
			defaultConfigurationIsVisible = 0;
		};
		5FFCB94C1B023F4C00495824 /* Build configuration list for PBXNativeTarget "CocoaActionBugTests" */ = {
			isa = XCConfigurationList;
			buildConfigurations = (
				5FFCB94D1B023F4C00495824 /* Debug */,
				5FFCB94E1B023F4C00495824 /* Release */,
			);
			defaultConfigurationIsVisible = 0;
		};
/* End XCConfigurationList section */
	};
	rootObject = 5FFCB9221B023F4C00495824 /* Project object */;
}
